// !$*UTF8*$!
{
	archiveVersion = 1;
	classes = {
	};
	objectVersion = 46;
	objects = {

/* Begin PBXBuildFile section */
		B2515BD51D2C756800760DE0 /* AppDelegate.swift in Sources */ = {isa = PBXBuildFile; fileRef = B2515BD41D2C756800760DE0 /* AppDelegate.swift */; };
		B2515BD71D2C756800760DE0 /* FirstViewController.swift in Sources */ = {isa = PBXBuildFile; fileRef = B2515BD61D2C756800760DE0 /* FirstViewController.swift */; };
		B2515BD91D2C756800760DE0 /* SecondViewController.swift in Sources */ = {isa = PBXBuildFile; fileRef = B2515BD81D2C756800760DE0 /* SecondViewController.swift */; };
		B2515BDC1D2C756800760DE0 /* Main.storyboard in Resources */ = {isa = PBXBuildFile; fileRef = B2515BDA1D2C756800760DE0 /* Main.storyboard */; };
		B2515BDE1D2C756800760DE0 /* Assets.xcassets in Resources */ = {isa = PBXBuildFile; fileRef = B2515BDD1D2C756800760DE0 /* Assets.xcassets */; };
		B2515BE11D2C756800760DE0 /* LaunchScreen.storyboard in Resources */ = {isa = PBXBuildFile; fileRef = B2515BDF1D2C756800760DE0 /* LaunchScreen.storyboard */; };
		B2515BEC1D2C756800760DE0 /* MotoIntercomTests.swift in Sources */ = {isa = PBXBuildFile; fileRef = B2515BEB1D2C756800760DE0 /* MotoIntercomTests.swift */; };
		B2515BF71D2C756800760DE0 /* MotoIntercomUITests.swift in Sources */ = {isa = PBXBuildFile; fileRef = B2515BF61D2C756800760DE0 /* MotoIntercomUITests.swift */; };
/* End PBXBuildFile section */

/* Begin PBXContainerItemProxy section */
		B2515BE81D2C756800760DE0 /* PBXContainerItemProxy */ = {
			isa = PBXContainerItemProxy;
			containerPortal = B2515BC91D2C756700760DE0 /* Project object */;
			proxyType = 1;
			remoteGlobalIDString = B2515BD01D2C756800760DE0;
			remoteInfo = MotoIntercom;
		};
		B2515BF31D2C756800760DE0 /* PBXContainerItemProxy */ = {
			isa = PBXContainerItemProxy;
			containerPortal = B2515BC91D2C756700760DE0 /* Project object */;
			proxyType = 1;
			remoteGlobalIDString = B2515BD01D2C756800760DE0;
			remoteInfo = MotoIntercom;
		};
/* End PBXContainerItemProxy section */

/* Begin PBXFileReference section */
		B2515BD11D2C756800760DE0 /* MotoIntercom.app */ = {isa = PBXFileReference; explicitFileType = wrapper.application; includeInIndex = 0; path = MotoIntercom.app; sourceTree = BUILT_PRODUCTS_DIR; };
		B2515BD41D2C756800760DE0 /* AppDelegate.swift */ = {isa = PBXFileReference; lastKnownFileType = sourcecode.swift; path = AppDelegate.swift; sourceTree = "<group>"; };
		B2515BD61D2C756800760DE0 /* FirstViewController.swift */ = {isa = PBXFileReference; lastKnownFileType = sourcecode.swift; path = FirstViewController.swift; sourceTree = "<group>"; };
		B2515BD81D2C756800760DE0 /* SecondViewController.swift */ = {isa = PBXFileReference; lastKnownFileType = sourcecode.swift; path = SecondViewController.swift; sourceTree = "<group>"; };
		B2515BDB1D2C756800760DE0 /* Base */ = {isa = PBXFileReference; lastKnownFileType = file.storyboard; name = Base; path = Base.lproj/Main.storyboard; sourceTree = "<group>"; };
		B2515BDD1D2C756800760DE0 /* Assets.xcassets */ = {isa = PBXFileReference; lastKnownFileType = folder.assetcatalog; path = Assets.xcassets; sourceTree = "<group>"; };
		B2515BE01D2C756800760DE0 /* Base */ = {isa = PBXFileReference; lastKnownFileType = file.storyboard; name = Base; path = Base.lproj/LaunchScreen.storyboard; sourceTree = "<group>"; };
		B2515BE21D2C756800760DE0 /* Info.plist */ = {isa = PBXFileReference; lastKnownFileType = text.plist.xml; path = Info.plist; sourceTree = "<group>"; };
		B2515BE71D2C756800760DE0 /* MotoIntercomTests.xctest */ = {isa = PBXFileReference; explicitFileType = wrapper.cfbundle; includeInIndex = 0; path = MotoIntercomTests.xctest; sourceTree = BUILT_PRODUCTS_DIR; };
		B2515BEB1D2C756800760DE0 /* MotoIntercomTests.swift */ = {isa = PBXFileReference; lastKnownFileType = sourcecode.swift; path = MotoIntercomTests.swift; sourceTree = "<group>"; };
		B2515BED1D2C756800760DE0 /* Info.plist */ = {isa = PBXFileReference; lastKnownFileType = text.plist.xml; path = Info.plist; sourceTree = "<group>"; };
		B2515BF21D2C756800760DE0 /* MotoIntercomUITests.xctest */ = {isa = PBXFileReference; explicitFileType = wrapper.cfbundle; includeInIndex = 0; path = MotoIntercomUITests.xctest; sourceTree = BUILT_PRODUCTS_DIR; };
		B2515BF61D2C756800760DE0 /* MotoIntercomUITests.swift */ = {isa = PBXFileReference; lastKnownFileType = sourcecode.swift; path = MotoIntercomUITests.swift; sourceTree = "<group>"; };
		B2515BF81D2C756800760DE0 /* Info.plist */ = {isa = PBXFileReference; lastKnownFileType = text.plist.xml; path = Info.plist; sourceTree = "<group>"; };
/* End PBXFileReference section */

/* Begin PBXFrameworksBuildPhase section */
		B2515BCE1D2C756800760DE0 /* Frameworks */ = {
			isa = PBXFrameworksBuildPhase;
			buildActionMask = 2147483647;
			files = (
			);
			runOnlyForDeploymentPostprocessing = 0;
		};
		B2515BE41D2C756800760DE0 /* Frameworks */ = {
			isa = PBXFrameworksBuildPhase;
			buildActionMask = 2147483647;
			files = (
			);
			runOnlyForDeploymentPostprocessing = 0;
		};
		B2515BEF1D2C756800760DE0 /* Frameworks */ = {
			isa = PBXFrameworksBuildPhase;
			buildActionMask = 2147483647;
			files = (
			);
			runOnlyForDeploymentPostprocessing = 0;
		};
/* End PBXFrameworksBuildPhase section */

/* Begin PBXGroup section */
		B2515BC81D2C756700760DE0 = {
			isa = PBXGroup;
			children = (
				B2515BD31D2C756800760DE0 /* MotoIntercom */,
				B2515BEA1D2C756800760DE0 /* MotoIntercomTests */,
				B2515BF51D2C756800760DE0 /* MotoIntercomUITests */,
				B2515BD21D2C756800760DE0 /* Products */,
			);
			sourceTree = "<group>";
		};
		B2515BD21D2C756800760DE0 /* Products */ = {
			isa = PBXGroup;
			children = (
				B2515BD11D2C756800760DE0 /* MotoIntercom.app */,
				B2515BE71D2C756800760DE0 /* MotoIntercomTests.xctest */,
				B2515BF21D2C756800760DE0 /* MotoIntercomUITests.xctest */,
			);
			name = Products;
			sourceTree = "<group>";
		};
		B2515BD31D2C756800760DE0 /* MotoIntercom */ = {
			isa = PBXGroup;
			children = (
				B2515BD41D2C756800760DE0 /* AppDelegate.swift */,
				B2515BD61D2C756800760DE0 /* FirstViewController.swift */,
				B2515BD81D2C756800760DE0 /* SecondViewController.swift */,
				B2515BDA1D2C756800760DE0 /* Main.storyboard */,
				B2515BDD1D2C756800760DE0 /* Assets.xcassets */,
				B2515BDF1D2C756800760DE0 /* LaunchScreen.storyboard */,
				B2515BE21D2C756800760DE0 /* Info.plist */,
			);
			path = MotoIntercom;
			sourceTree = "<group>";
		};
		B2515BEA1D2C756800760DE0 /* MotoIntercomTests */ = {
			isa = PBXGroup;
			children = (
				B2515BEB1D2C756800760DE0 /* MotoIntercomTests.swift */,
				B2515BED1D2C756800760DE0 /* Info.plist */,
			);
			path = MotoIntercomTests;
			sourceTree = "<group>";
		};
		B2515BF51D2C756800760DE0 /* MotoIntercomUITests */ = {
			isa = PBXGroup;
			children = (
				B2515BF61D2C756800760DE0 /* MotoIntercomUITests.swift */,
				B2515BF81D2C756800760DE0 /* Info.plist */,
			);
			path = MotoIntercomUITests;
			sourceTree = "<group>";
		};
/* End PBXGroup section */

/* Begin PBXNativeTarget section */
		B2515BD01D2C756800760DE0 /* MotoIntercom */ = {
			isa = PBXNativeTarget;
			buildConfigurationList = B2515BFB1D2C756800760DE0 /* Build configuration list for PBXNativeTarget "MotoIntercom" */;
			buildPhases = (
				B2515BCD1D2C756800760DE0 /* Sources */,
				B2515BCE1D2C756800760DE0 /* Frameworks */,
				B2515BCF1D2C756800760DE0 /* Resources */,
			);
			buildRules = (
			);
			dependencies = (
			);
			name = MotoIntercom;
			productName = MotoIntercom;
			productReference = B2515BD11D2C756800760DE0 /* MotoIntercom.app */;
			productType = "com.apple.product-type.application";
		};
		B2515BE61D2C756800760DE0 /* MotoIntercomTests */ = {
			isa = PBXNativeTarget;
			buildConfigurationList = B2515BFE1D2C756800760DE0 /* Build configuration list for PBXNativeTarget "MotoIntercomTests" */;
			buildPhases = (
				B2515BE31D2C756800760DE0 /* Sources */,
				B2515BE41D2C756800760DE0 /* Frameworks */,
				B2515BE51D2C756800760DE0 /* Resources */,
			);
			buildRules = (
			);
			dependencies = (
				B2515BE91D2C756800760DE0 /* PBXTargetDependency */,
			);
			name = MotoIntercomTests;
			productName = MotoIntercomTests;
			productReference = B2515BE71D2C756800760DE0 /* MotoIntercomTests.xctest */;
			productType = "com.apple.product-type.bundle.unit-test";
		};
		B2515BF11D2C756800760DE0 /* MotoIntercomUITests */ = {
			isa = PBXNativeTarget;
			buildConfigurationList = B2515C011D2C756800760DE0 /* Build configuration list for PBXNativeTarget "MotoIntercomUITests" */;
			buildPhases = (
				B2515BEE1D2C756800760DE0 /* Sources */,
				B2515BEF1D2C756800760DE0 /* Frameworks */,
				B2515BF01D2C756800760DE0 /* Resources */,
			);
			buildRules = (
			);
			dependencies = (
				B2515BF41D2C756800760DE0 /* PBXTargetDependency */,
			);
			name = MotoIntercomUITests;
			productName = MotoIntercomUITests;
			productReference = B2515BF21D2C756800760DE0 /* MotoIntercomUITests.xctest */;
			productType = "com.apple.product-type.bundle.ui-testing";
		};
/* End PBXNativeTarget section */

/* Begin PBXProject section */
		B2515BC91D2C756700760DE0 /* Project object */ = {
			isa = PBXProject;
			attributes = {
				LastSwiftUpdateCheck = 0730;
				LastUpgradeCheck = 0730;
				ORGANIZATIONNAME = "Logan Kember";
				TargetAttributes = {
					B2515BD01D2C756800760DE0 = {
						CreatedOnToolsVersion = 7.3;
					};
					B2515BE61D2C756800760DE0 = {
						CreatedOnToolsVersion = 7.3;
						TestTargetID = B2515BD01D2C756800760DE0;
					};
					B2515BF11D2C756800760DE0 = {
						CreatedOnToolsVersion = 7.3;
						TestTargetID = B2515BD01D2C756800760DE0;
					};
				};
			};
			buildConfigurationList = B2515BCC1D2C756700760DE0 /* Build configuration list for PBXProject "MotoIntercom" */;
			compatibilityVersion = "Xcode 3.2";
			developmentRegion = English;
			hasScannedForEncodings = 0;
			knownRegions = (
				en,
				Base,
			);
			mainGroup = B2515BC81D2C756700760DE0;
			productRefGroup = B2515BD21D2C756800760DE0 /* Products */;
			projectDirPath = "";
			projectRoot = "";
			targets = (
				B2515BD01D2C756800760DE0 /* MotoIntercom */,
				B2515BE61D2C756800760DE0 /* MotoIntercomTests */,
				B2515BF11D2C756800760DE0 /* MotoIntercomUITests */,
			);
		};
/* End PBXProject section */

/* Begin PBXResourcesBuildPhase section */
		B2515BCF1D2C756800760DE0 /* Resources */ = {
			isa = PBXResourcesBuildPhase;
			buildActionMask = 2147483647;
			files = (
				B2515BE11D2C756800760DE0 /* LaunchScreen.storyboard in Resources */,
				B2515BDE1D2C756800760DE0 /* Assets.xcassets in Resources */,
				B2515BDC1D2C756800760DE0 /* Main.storyboard in Resources */,
			);
			runOnlyForDeploymentPostprocessing = 0;
		};
		B2515BE51D2C756800760DE0 /* Resources */ = {
			isa = PBXResourcesBuildPhase;
			buildActionMask = 2147483647;
			files = (
			);
			runOnlyForDeploymentPostprocessing = 0;
		};
		B2515BF01D2C756800760DE0 /* Resources */ = {
			isa = PBXResourcesBuildPhase;
			buildActionMask = 2147483647;
			files = (
			);
			runOnlyForDeploymentPostprocessing = 0;
		};
/* End PBXResourcesBuildPhase section */

/* Begin PBXSourcesBuildPhase section */
		B2515BCD1D2C756800760DE0 /* Sources */ = {
			isa = PBXSourcesBuildPhase;
			buildActionMask = 2147483647;
			files = (
				B2515BD91D2C756800760DE0 /* SecondViewController.swift in Sources */,
				B2515BD51D2C756800760DE0 /* AppDelegate.swift in Sources */,
				B2515BD71D2C756800760DE0 /* FirstViewController.swift in Sources */,
			);
			runOnlyForDeploymentPostprocessing = 0;
		};
		B2515BE31D2C756800760DE0 /* Sources */ = {
			isa = PBXSourcesBuildPhase;
			buildActionMask = 2147483647;
			files = (
				B2515BEC1D2C756800760DE0 /* MotoIntercomTests.swift in Sources */,
			);
			runOnlyForDeploymentPostprocessing = 0;
		};
		B2515BEE1D2C756800760DE0 /* Sources */ = {
			isa = PBXSourcesBuildPhase;
			buildActionMask = 2147483647;
			files = (
				B2515BF71D2C756800760DE0 /* MotoIntercomUITests.swift in Sources */,
			);
			runOnlyForDeploymentPostprocessing = 0;
		};
/* End PBXSourcesBuildPhase section */

/* Begin PBXTargetDependency section */
		B2515BE91D2C756800760DE0 /* PBXTargetDependency */ = {
			isa = PBXTargetDependency;
			target = B2515BD01D2C756800760DE0 /* MotoIntercom */;
			targetProxy = B2515BE81D2C756800760DE0 /* PBXContainerItemProxy */;
		};
		B2515BF41D2C756800760DE0 /* PBXTargetDependency */ = {
			isa = PBXTargetDependency;
			target = B2515BD01D2C756800760DE0 /* MotoIntercom */;
			targetProxy = B2515BF31D2C756800760DE0 /* PBXContainerItemProxy */;
		};
/* End PBXTargetDependency section */

/* Begin PBXVariantGroup section */
		B2515BDA1D2C756800760DE0 /* Main.storyboard */ = {
			isa = PBXVariantGroup;
			children = (
				B2515BDB1D2C756800760DE0 /* Base */,
			);
			name = Main.storyboard;
			sourceTree = "<group>";
		};
		B2515BDF1D2C756800760DE0 /* LaunchScreen.storyboard */ = {
			isa = PBXVariantGroup;
			children = (
				B2515BE01D2C756800760DE0 /* Base */,
			);
			name = LaunchScreen.storyboard;
			sourceTree = "<group>";
		};
/* End PBXVariantGroup section */

/* Begin XCBuildConfiguration section */
		B2515BF91D2C756800760DE0 /* Debug */ = {
			isa = XCBuildConfiguration;
			buildSettings = {
				ALWAYS_SEARCH_USER_PATHS = NO;
				CLANG_ANALYZER_NONNULL = YES;
				CLANG_CXX_LANGUAGE_STANDARD = "gnu++0x";
				CLANG_CXX_LIBRARY = "libc++";
				CLANG_ENABLE_MODULES = YES;
				CLANG_ENABLE_OBJC_ARC = YES;
				CLANG_WARN_BOOL_CONVERSION = YES;
				CLANG_WARN_CONSTANT_CONVERSION = YES;
				CLANG_WARN_DIRECT_OBJC_ISA_USAGE = YES_ERROR;
				CLANG_WARN_EMPTY_BODY = YES;
				CLANG_WARN_ENUM_CONVERSION = YES;
				CLANG_WARN_INT_CONVERSION = YES;
				CLANG_WARN_OBJC_ROOT_CLASS = YES_ERROR;
				CLANG_WARN_UNREACHABLE_CODE = YES;
				CLANG_WARN__DUPLICATE_METHOD_MATCH = YES;
				"CODE_SIGN_IDENTITY[sdk=iphoneos*]" = "iPhone Developer";
				COPY_PHASE_STRIP = NO;
				DEBUG_INFORMATION_FORMAT = dwarf;
				ENABLE_STRICT_OBJC_MSGSEND = YES;
				ENABLE_TESTABILITY = YES;
				GCC_C_LANGUAGE_STANDARD = gnu99;
				GCC_DYNAMIC_NO_PIC = NO;
				GCC_NO_COMMON_BLOCKS = YES;
				GCC_OPTIMIZATION_LEVEL = 0;
				GCC_PREPROCESSOR_DEFINITIONS = (
					"DEBUG=1",
					"$(inherited)",
				);
				GCC_WARN_64_TO_32_BIT_CONVERSION = YES;
				GCC_WARN_ABOUT_RETURN_TYPE = YES_ERROR;
				GCC_WARN_UNDECLARED_SELECTOR = YES;
				GCC_WARN_UNINITIALIZED_AUTOS = YES_AGGRESSIVE;
				GCC_WARN_UNUSED_FUNCTION = YES;
				GCC_WARN_UNUSED_VARIABLE = YES;
				IPHONEOS_DEPLOYMENT_TARGET = 9.3;
				MTL_ENABLE_DEBUG_INFO = YES;
				ONLY_ACTIVE_ARCH = YES;
				SDKROOT = iphoneos;
				SWIFT_OPTIMIZATION_LEVEL = "-Onone";
				TARGETED_DEVICE_FAMILY = "1,2";
			};
			name = Debug;
		};
		B2515BFA1D2C756800760DE0 /* Release */ = {
			isa = XCBuildConfiguration;
			buildSettings = {
				ALWAYS_SEARCH_USER_PATHS = NO;
				CLANG_ANALYZER_NONNULL = YES;
				CLANG_CXX_LANGUAGE_STANDARD = "gnu++0x";
				CLANG_CXX_LIBRARY = "libc++";
				CLANG_ENABLE_MODULES = YES;
				CLANG_ENABLE_OBJC_ARC = YES;
				CLANG_WARN_BOOL_CONVERSION = YES;
				CLANG_WARN_CONSTANT_CONVERSION = YES;
				CLANG_WARN_DIRECT_OBJC_ISA_USAGE = YES_ERROR;
				CLANG_WARN_EMPTY_BODY = YES;
				CLANG_WARN_ENUM_CONVERSION = YES;
				CLANG_WARN_INT_CONVERSION = YES;
				CLANG_WARN_OBJC_ROOT_CLASS = YES_ERROR;
				CLANG_WARN_UNREACHABLE_CODE = YES;
				CLANG_WARN__DUPLICATE_METHOD_MATCH = YES;
				"CODE_SIGN_IDENTITY[sdk=iphoneos*]" = "iPhone Developer";
				COPY_PHASE_STRIP = NO;
				DEBUG_INFORMATION_FORMAT = "dwarf-with-dsym";
				ENABLE_NS_ASSERTIONS = NO;
				ENABLE_STRICT_OBJC_MSGSEND = YES;
				GCC_C_LANGUAGE_STANDARD = gnu99;
				GCC_NO_COMMON_BLOCKS = YES;
				GCC_WARN_64_TO_32_BIT_CONVERSION = YES;
				GCC_WARN_ABOUT_RETURN_TYPE = YES_ERROR;
				GCC_WARN_UNDECLARED_SELECTOR = YES;
				GCC_WARN_UNINITIALIZED_AUTOS = YES_AGGRESSIVE;
				GCC_WARN_UNUSED_FUNCTION = YES;
				GCC_WARN_UNUSED_VARIABLE = YES;
				IPHONEOS_DEPLOYMENT_TARGET = 9.3;
				MTL_ENABLE_DEBUG_INFO = NO;
				SDKROOT = iphoneos;
				TARGETED_DEVICE_FAMILY = "1,2";
				VALIDATE_PRODUCT = YES;
			};
			name = Release;
		};
		B2515BFC1D2C756800760DE0 /* Debug */ = {
			isa = XCBuildConfiguration;
			buildSettings = {
				ASSETCATALOG_COMPILER_APPICON_NAME = AppIcon;
				INFOPLIST_FILE = MotoIntercom/Info.plist;
				LD_RUNPATH_SEARCH_PATHS = "$(inherited) @executable_path/Frameworks";
				PRODUCT_BUNDLE_IDENTIFIER = com.kember.MotoIntercom;
				PRODUCT_NAME = "$(TARGET_NAME)";
			};
			name = Debug;
		};
		B2515BFD1D2C756800760DE0 /* Release */ = {
			isa = XCBuildConfiguration;
			buildSettings = {
				ASSETCATALOG_COMPILER_APPICON_NAME = AppIcon;
				INFOPLIST_FILE = MotoIntercom/Info.plist;
				LD_RUNPATH_SEARCH_PATHS = "$(inherited) @executable_path/Frameworks";
				PRODUCT_BUNDLE_IDENTIFIER = com.kember.MotoIntercom;
				PRODUCT_NAME = "$(TARGET_NAME)";
			};
			name = Release;
		};
		B2515BFF1D2C756800760DE0 /* Debug */ = {
			isa = XCBuildConfiguration;
			buildSettings = {
				BUNDLE_LOADER = "$(TEST_HOST)";
				INFOPLIST_FILE = MotoIntercomTests/Info.plist;
				LD_RUNPATH_SEARCH_PATHS = "$(inherited) @executable_path/Frameworks @loader_path/Frameworks";
				PRODUCT_BUNDLE_IDENTIFIER = com.kember.MotoIntercomTests;
				PRODUCT_NAME = "$(TARGET_NAME)";
				TEST_HOST = "$(BUILT_PRODUCTS_DIR)/MotoIntercom.app/MotoIntercom";
			};
			name = Debug;
		};
		B2515C001D2C756800760DE0 /* Release */ = {
			isa = XCBuildConfiguration;
			buildSettings = {
				BUNDLE_LOADER = "$(TEST_HOST)";
				INFOPLIST_FILE = MotoIntercomTests/Info.plist;
				LD_RUNPATH_SEARCH_PATHS = "$(inherited) @executable_path/Frameworks @loader_path/Frameworks";
				PRODUCT_BUNDLE_IDENTIFIER = com.kember.MotoIntercomTests;
				PRODUCT_NAME = "$(TARGET_NAME)";
				TEST_HOST = "$(BUILT_PRODUCTS_DIR)/MotoIntercom.app/MotoIntercom";
			};
			name = Release;
		};
		B2515C021D2C756800760DE0 /* Debug */ = {
			isa = XCBuildConfiguration;
			buildSettings = {
				INFOPLIST_FILE = MotoIntercomUITests/Info.plist;
				LD_RUNPATH_SEARCH_PATHS = "$(inherited) @executable_path/Frameworks @loader_path/Frameworks";
				PRODUCT_BUNDLE_IDENTIFIER = com.kember.MotoIntercomUITests;
				PRODUCT_NAME = "$(TARGET_NAME)";
				TEST_TARGET_NAME = MotoIntercom;
			};
			name = Debug;
		};
		B2515C031D2C756800760DE0 /* Release */ = {
			isa = XCBuildConfiguration;
			buildSettings = {
				INFOPLIST_FILE = MotoIntercomUITests/Info.plist;
				LD_RUNPATH_SEARCH_PATHS = "$(inherited) @executable_path/Frameworks @loader_path/Frameworks";
				PRODUCT_BUNDLE_IDENTIFIER = com.kember.MotoIntercomUITests;
				PRODUCT_NAME = "$(TARGET_NAME)";
				TEST_TARGET_NAME = MotoIntercom;
			};
			name = Release;
		};
/* End XCBuildConfiguration section */

/* Begin XCConfigurationList section */
		B2515BCC1D2C756700760DE0 /* Build configuration list for PBXProject "MotoIntercom" */ = {
			isa = XCConfigurationList;
			buildConfigurations = (
				B2515BF91D2C756800760DE0 /* Debug */,
				B2515BFA1D2C756800760DE0 /* Release */,
			);
			defaultConfigurationIsVisible = 0;
			defaultConfigurationName = Release;
		};
		B2515BFB1D2C756800760DE0 /* Build configuration list for PBXNativeTarget "MotoIntercom" */ = {
			isa = XCConfigurationList;
			buildConfigurations = (
				B2515BFC1D2C756800760DE0 /* Debug */,
				B2515BFD1D2C756800760DE0 /* Release */,
			);
			defaultConfigurationIsVisible = 0;
		};
		B2515BFE1D2C756800760DE0 /* Build configuration list for PBXNativeTarget "MotoIntercomTests" */ = {
			isa = XCConfigurationList;
			buildConfigurations = (
				B2515BFF1D2C756800760DE0 /* Debug */,
				B2515C001D2C756800760DE0 /* Release */,
			);
			defaultConfigurationIsVisible = 0;
		};
		B2515C011D2C756800760DE0 /* Build configuration list for PBXNativeTarget "MotoIntercomUITests" */ = {
			isa = XCConfigurationList;
			buildConfigurations = (
				B2515C021D2C756800760DE0 /* Debug */,
				B2515C031D2C756800760DE0 /* Release */,
			);
			defaultConfigurationIsVisible = 0;
		};
/* End XCConfigurationList section */
	};
	rootObject = B2515BC91D2C756700760DE0 /* Project object */;
}
